
Microsoft Visual Studio Solution File, Format Version 12.00
# Visual Studio Version 17
VisualStudioVersion = 17.0.31903.59
MinimumVisualStudioVersion = 10.0.40219.1
Project("{2150E333-8FDC-42A3-9474-1A3956D46DE8}") = "src", "src", "{03081B5C-BC1A-44A5-84D0-9227EC40B4A1}"
EndProject
Project("{9A19103F-16F7-4668-BE54-9A1E7A4F7556}") = "cleaning_robot", "src\cleaning_robot\cleaning_robot.csproj", "{A23D9247-E944-4A72-B215-DFE238E7003F}"
EndProject
Project("{2150E333-8FDC-42A3-9474-1A3956D46DE8}") = "doc", "doc", "{DE71D45C-9287-4C9F-B451-9549F8402201}"
	ProjectSection(SolutionItems) = preProject
		doc\MyQ Unattended Coding Test 2.5.pdf = doc\MyQ Unattended Coding Test 2.5.pdf
	EndProjectSection
EndProject
Project("{2150E333-8FDC-42A3-9474-1A3956D46DE8}") = "test", "test", "{A9DB00B3-F816-4871-B6D0-84287E8C6911}"
	ProjectSection(SolutionItems) = preProject
		doc\test\test1.json = doc\test\test1.json
		doc\test\test1_result.json = doc\test\test1_result.json
		doc\test\test2.json = doc\test\test2.json
		doc\test\test2_result.json = doc\test\test2_result.json
	EndProjectSection
EndProject
Project("{2150E333-8FDC-42A3-9474-1A3956D46DE8}") = "Solution Items", "Solution Items", "{86A22FEF-D1A6-48B4-8EE5-71144742FA9E}"
	ProjectSection(SolutionItems) = preProject
		.gitignore = .gitignore
		ReadMe = ReadMe
	EndProjectSection
EndProject
Project("{9A19103F-16F7-4668-BE54-9A1E7A4F7556}") = "CleaningRobotLibrary", "src\CleaningRobotLibrary\CleaningRobotLibrary.csproj", "{DB6CA9AF-8B56-44CF-ABDF-0881A88CE0C5}"
EndProject
Project("{2150E333-8FDC-42A3-9474-1A3956D46DE8}") = "tests", "tests", "{E8EAFBDC-B5F8-4874-949F-3BE1B9994130}"
EndProject
Project("{FAE04EC0-301F-11D3-BF4B-00C04F79EFBC}") = "CleaningRobotTests", "tests\CleaningRobotTests\CleaningRobotTests.csproj", "{D6416C61-A1C2-43B2-B9FC-0EB7475D2F7D}"
EndProject
Global
	GlobalSection(SolutionConfigurationPlatforms) = preSolution
		Debug|Any CPU = Debug|Any CPU
		Release|Any CPU = Release|Any CPU
	EndGlobalSection
	GlobalSection(ProjectConfigurationPlatforms) = postSolution
		{A23D9247-E944-4A72-B215-DFE238E7003F}.Debug|Any CPU.ActiveCfg = Debug|Any CPU
		{A23D9247-E944-4A72-B215-DFE238E7003F}.Debug|Any CPU.Build.0 = Debug|Any CPU
		{A23D9247-E944-4A72-B215-DFE238E7003F}.Release|Any CPU.ActiveCfg = Release|Any CPU
		{A23D9247-E944-4A72-B215-DFE238E7003F}.Release|Any CPU.Build.0 = Release|Any CPU
		{DB6CA9AF-8B56-44CF-ABDF-0881A88CE0C5}.Debug|Any CPU.ActiveCfg = Debug|Any CPU
		{DB6CA9AF-8B56-44CF-ABDF-0881A88CE0C5}.Debug|Any CPU.Build.0 = Debug|Any CPU
		{DB6CA9AF-8B56-44CF-ABDF-0881A88CE0C5}.Release|Any CPU.ActiveCfg = Release|Any CPU
		{DB6CA9AF-8B56-44CF-ABDF-0881A88CE0C5}.Release|Any CPU.Build.0 = Release|Any CPU
		{D6416C61-A1C2-43B2-B9FC-0EB7475D2F7D}.Debug|Any CPU.ActiveCfg = Debug|Any CPU
		{D6416C61-A1C2-43B2-B9FC-0EB7475D2F7D}.Debug|Any CPU.Build.0 = Debug|Any CPU
		{D6416C61-A1C2-43B2-B9FC-0EB7475D2F7D}.Release|Any CPU.ActiveCfg = Release|Any CPU
		{D6416C61-A1C2-43B2-B9FC-0EB7475D2F7D}.Release|Any CPU.Build.0 = Release|Any CPU
	EndGlobalSection
	GlobalSection(SolutionProperties) = preSolution
		HideSolutionNode = FALSE
	EndGlobalSection
	GlobalSection(NestedProjects) = preSolution
		{A23D9247-E944-4A72-B215-DFE238E7003F} = {03081B5C-BC1A-44A5-84D0-9227EC40B4A1}
		{A9DB00B3-F816-4871-B6D0-84287E8C6911} = {DE71D45C-9287-4C9F-B451-9549F8402201}
		{DB6CA9AF-8B56-44CF-ABDF-0881A88CE0C5} = {03081B5C-BC1A-44A5-84D0-9227EC40B4A1}
		{D6416C61-A1C2-43B2-B9FC-0EB7475D2F7D} = {E8EAFBDC-B5F8-4874-949F-3BE1B9994130}
	EndGlobalSection
	GlobalSection(ExtensibilityGlobals) = postSolution
		SolutionGuid = {A449E2E5-D6EC-4E0C-9FD8-FCC00C2A81B5}
	EndGlobalSection
EndGlobal
